<?xml version="1.0" encoding="utf-8"?>
<Project ToolsVersion="4.0" xmlns="http://schemas.microsoft.com/developer/msbuild/2003">
  <ItemGroup>
    <None Include="D3DX9_42.def" />
    <None Include="README.md" />
  </ItemGroup>
  <ItemGroup>
    <ClCompile Include="D3DX9_42.cpp" />
    <ClCompile Include="d3dx9_impl.cpp" />
  </ItemGroup>
  <ItemGroup>
    <MASM Include="runasm.asm" />
  </ItemGroup>
  <ItemGroup>
    <ClInclude Include="d3dx9_impl.h" />
    <ClInclude Include="detours\Detours.h" />
  </ItemGroup>
</Project>